schema: '2.0'
stages:
  load_data:
    cmd: python src/load_data.py --config=params.yaml
    deps:
    - path: data_given/winequality.csv
      md5: ccc8d3507eb151f53f760d36abdef888
      size: 91998
    - path: src/get_data.py
      md5: 1e74ec3f53c2381a018b30db749bb7c6
      size: 690
    - path: src/load_data.py
      md5: 28873cd4eb1310624f64f4728c8d7b83
      size: 672
    outs:
    - path: data/raw/winequality.csv
      md5: d98e8f2eca228c11c4de1cc96866a54d
      size: 93598
  split_data:
    cmd: python src/split_data.py --config=params.yaml
    deps:
    - path: data/raw/winequality.csv
      md5: d98e8f2eca228c11c4de1cc96866a54d
      size: 93598
    - path: src/split_data.py
      md5: 85aaac4f383297140548d34ecc12bd19
      size: 1101
    outs:
    - path: data/procesed/test_winequality.csv
      md5: 01718da3bd6e206060ed00667ca1a389
      size: 18831
    - path: data/procesed/train_winequality.csv
      md5: 4bccf4d668cdc60115de42ba74d416ab
      size: 74913
  train_and_evaluate:
    cmd: python src/train_and_evaluate.py --config=params.yaml
    deps:
    - path: data/procesed/test_winequality.csv
      md5: 01718da3bd6e206060ed00667ca1a389
      size: 18831
    - path: data/procesed/train_winequality.csv
      md5: 4bccf4d668cdc60115de42ba74d416ab
      size: 74913
    - path: src/train_and_evaluate.py
      md5: 86dcfd141fb0d992c0b435089f41fdab
      size: 3800
    params:
      params.yaml:
        estimators.ElasticNet.params.alpha: 0.88
        estimators.ElasticNet.params.l1_ratio: 0.89
    outs:
    - path: report/params.json
      md5: 7b88ebfd8165b2e84931a2ad08ea5f79
      size: 47
    - path: report/scores.json
      md5: ac89e037063ee307b6d23c8ef0583610
      size: 100
    - path: saved_models/model.joblib
      md5: 0e8d7ffc5f92a2753bc6c171c2ab1871
      size: 1336
